
Microsoft Visual Studio Solution File, Format Version 12.00
# Visual Studio Version 16
VisualStudioVersion = 16.0.30114.105
MinimumVisualStudioVersion = 10.0.40219.1
Project("{FAE04EC0-301F-11D3-BF4B-00C04F79EFBC}") = "ShamirSecretSharing.Console", "ShamirSecretSharing.Console\ShamirSecretSharing.Console.csproj", "{F5644B41-4A84-4E14-8ECC-CC6839D7549A}"
EndProject
Project("{FAE04EC0-301F-11D3-BF4B-00C04F79EFBC}") = "ShamirSecretSharing", "ShamirSecretSharing\ShamirSecretSharing.csproj", "{C83F985C-1917-40BC-8E8B-6B64F25F2A1A}"
EndProject
Global
	GlobalSection(SolutionConfigurationPlatforms) = preSolution
		Debug|Any CPU = Debug|Any CPU
		Release|Any CPU = Release|Any CPU
	EndGlobalSection
	GlobalSection(ProjectConfigurationPlatforms) = postSolution
		{F5644B41-4A84-4E14-8ECC-CC6839D7549A}.Debug|Any CPU.ActiveCfg = Debug|Any CPU
		{F5644B41-4A84-4E14-8ECC-CC6839D7549A}.Debug|Any CPU.Build.0 = Debug|Any CPU
		{F5644B41-4A84-4E14-8ECC-CC6839D7549A}.Release|Any CPU.ActiveCfg = Release|Any CPU
		{F5644B41-4A84-4E14-8ECC-CC6839D7549A}.Release|Any CPU.Build.0 = Release|Any CPU
		{C83F985C-1917-40BC-8E8B-6B64F25F2A1A}.Debug|Any CPU.ActiveCfg = Debug|Any CPU
		{C83F985C-1917-40BC-8E8B-6B64F25F2A1A}.Debug|Any CPU.Build.0 = Debug|Any CPU
		{C83F985C-1917-40BC-8E8B-6B64F25F2A1A}.Release|Any CPU.ActiveCfg = Release|Any CPU
		{C83F985C-1917-40BC-8E8B-6B64F25F2A1A}.Release|Any CPU.Build.0 = Release|Any CPU
	EndGlobalSection
	GlobalSection(SolutionProperties) = preSolution
		HideSolutionNode = FALSE
	EndGlobalSection
	GlobalSection(ExtensibilityGlobals) = postSolution
		SolutionGuid = {C5C94FC7-5BFC-45C1-BA56-A5B9394F7173}
	EndGlobalSection
EndGlobal
